
Microsoft Visual Studio Solution File, Format Version 12.00
# Visual Studio 15
VisualStudioVersion = 15.0.28010.2026
MinimumVisualStudioVersion = 10.0.40219.1
Project("{FAE04EC0-301F-11D3-BF4B-00C04F79EFBC}") = "DuongKhangDEV.WebApp", "DuongKhangDEV.WebApp\DuongKhangDEV.WebApp.csproj", "{D6412C4A-D992-4590-BA92-CBA16AF45DA7}"
EndProject
Project("{FAE04EC0-301F-11D3-BF4B-00C04F79EFBC}") = "DuongKhangDEV.Infrastructure", "DuongKhangDEV.Infrastructure\DuongKhangDEV.Infrastructure.csproj", "{390E76B3-6B1E-4F99-9E89-FA583DE9A525}"
EndProject
Project("{FAE04EC0-301F-11D3-BF4B-00C04F79EFBC}") = "DuongKhangDEV.Utilities", "DuongKhangDEV.Utilities\DuongKhangDEV.Utilities.csproj", "{8624AE65-7649-45B7-9450-4C9776192A1E}"
EndProject
Project("{FAE04EC0-301F-11D3-BF4B-00C04F79EFBC}") = "DuongKhangDEV.Data", "DuongKhangDEV.Data\DuongKhangDEV.Data.csproj", "{FB301EAF-786C-447E-95AF-2F846BF8D99A}"
EndProject
Project("{FAE04EC0-301F-11D3-BF4B-00C04F79EFBC}") = "DuongKhangDEV.Data.EF", "DuongKhangDEV.Data.EF\DuongKhangDEV.Data.EF.csproj", "{99CEDB2E-5B91-4665-85EC-3A56678287AF}"
EndProject
Project("{FAE04EC0-301F-11D3-BF4B-00C04F79EFBC}") = "DuongKhangDEV.Application", "DuongKhangDEV.Application\DuongKhangDEV.Application.csproj", "{C66BCED8-96CD-4DC4-ABF3-10A068A14EF8}"
EndProject
Project("{FAE04EC0-301F-11D3-BF4B-00C04F79EFBC}") = "DuongKhangDEV.WebApi", "DuongKhangDEV.WebApi\DuongKhangDEV.WebApi.csproj", "{6A06F905-FCC7-4426-822F-472C60C5111D}"
EndProject
Project("{2150E333-8FDC-42A3-9474-1A3956D46DE8}") = "1 - Presentation", "1 - Presentation", "{B5CD1913-0FF6-46DE-B590-E544B6C73985}"
EndProject
Project("{2150E333-8FDC-42A3-9474-1A3956D46DE8}") = "2 - Application", "2 - Application", "{8BD93D6C-E976-4586-92BD-6D3FD52819F5}"
EndProject
Project("{2150E333-8FDC-42A3-9474-1A3956D46DE8}") = "3 - Domain", "3 - Domain", "{799EF4CD-E327-4F2B-B744-6F60F1723625}"
EndProject
Project("{2150E333-8FDC-42A3-9474-1A3956D46DE8}") = "4 - Infrastructure", "4 - Infrastructure", "{47C2E61E-F622-4C1B-8506-15A9714BFD58}"
EndProject
Global
	GlobalSection(SolutionConfigurationPlatforms) = preSolution
		Debug|Any CPU = Debug|Any CPU
		Release|Any CPU = Release|Any CPU
	EndGlobalSection
	GlobalSection(ProjectConfigurationPlatforms) = postSolution
		{D6412C4A-D992-4590-BA92-CBA16AF45DA7}.Debug|Any CPU.ActiveCfg = Debug|Any CPU
		{D6412C4A-D992-4590-BA92-CBA16AF45DA7}.Debug|Any CPU.Build.0 = Debug|Any CPU
		{D6412C4A-D992-4590-BA92-CBA16AF45DA7}.Release|Any CPU.ActiveCfg = Release|Any CPU
		{D6412C4A-D992-4590-BA92-CBA16AF45DA7}.Release|Any CPU.Build.0 = Release|Any CPU
		{390E76B3-6B1E-4F99-9E89-FA583DE9A525}.Debug|Any CPU.ActiveCfg = Debug|Any CPU
		{390E76B3-6B1E-4F99-9E89-FA583DE9A525}.Debug|Any CPU.Build.0 = Debug|Any CPU
		{390E76B3-6B1E-4F99-9E89-FA583DE9A525}.Release|Any CPU.ActiveCfg = Release|Any CPU
		{390E76B3-6B1E-4F99-9E89-FA583DE9A525}.Release|Any CPU.Build.0 = Release|Any CPU
		{8624AE65-7649-45B7-9450-4C9776192A1E}.Debug|Any CPU.ActiveCfg = Debug|Any CPU
		{8624AE65-7649-45B7-9450-4C9776192A1E}.Debug|Any CPU.Build.0 = Debug|Any CPU
		{8624AE65-7649-45B7-9450-4C9776192A1E}.Release|Any CPU.ActiveCfg = Release|Any CPU
		{8624AE65-7649-45B7-9450-4C9776192A1E}.Release|Any CPU.Build.0 = Release|Any CPU
		{FB301EAF-786C-447E-95AF-2F846BF8D99A}.Debug|Any CPU.ActiveCfg = Debug|Any CPU
		{FB301EAF-786C-447E-95AF-2F846BF8D99A}.Debug|Any CPU.Build.0 = Debug|Any CPU
		{FB301EAF-786C-447E-95AF-2F846BF8D99A}.Release|Any CPU.ActiveCfg = Release|Any CPU
		{FB301EAF-786C-447E-95AF-2F846BF8D99A}.Release|Any CPU.Build.0 = Release|Any CPU
		{99CEDB2E-5B91-4665-85EC-3A56678287AF}.Debug|Any CPU.ActiveCfg = Debug|Any CPU
		{99CEDB2E-5B91-4665-85EC-3A56678287AF}.Debug|Any CPU.Build.0 = Debug|Any CPU
		{99CEDB2E-5B91-4665-85EC-3A56678287AF}.Release|Any CPU.ActiveCfg = Release|Any CPU
		{99CEDB2E-5B91-4665-85EC-3A56678287AF}.Release|Any CPU.Build.0 = Release|Any CPU
		{C66BCED8-96CD-4DC4-ABF3-10A068A14EF8}.Debug|Any CPU.ActiveCfg = Debug|Any CPU
		{C66BCED8-96CD-4DC4-ABF3-10A068A14EF8}.Debug|Any CPU.Build.0 = Debug|Any CPU
		{C66BCED8-96CD-4DC4-ABF3-10A068A14EF8}.Release|Any CPU.ActiveCfg = Release|Any CPU
		{C66BCED8-96CD-4DC4-ABF3-10A068A14EF8}.Release|Any CPU.Build.0 = Release|Any CPU
		{6A06F905-FCC7-4426-822F-472C60C5111D}.Debug|Any CPU.ActiveCfg = Debug|Any CPU
		{6A06F905-FCC7-4426-822F-472C60C5111D}.Debug|Any CPU.Build.0 = Debug|Any CPU
		{6A06F905-FCC7-4426-822F-472C60C5111D}.Release|Any CPU.ActiveCfg = Release|Any CPU
		{6A06F905-FCC7-4426-822F-472C60C5111D}.Release|Any CPU.Build.0 = Release|Any CPU
	EndGlobalSection
	GlobalSection(SolutionProperties) = preSolution
		HideSolutionNode = FALSE
	EndGlobalSection
	GlobalSection(NestedProjects) = preSolution
		{D6412C4A-D992-4590-BA92-CBA16AF45DA7} = {B5CD1913-0FF6-46DE-B590-E544B6C73985}
		{390E76B3-6B1E-4F99-9E89-FA583DE9A525} = {47C2E61E-F622-4C1B-8506-15A9714BFD58}
		{8624AE65-7649-45B7-9450-4C9776192A1E} = {47C2E61E-F622-4C1B-8506-15A9714BFD58}
		{FB301EAF-786C-447E-95AF-2F846BF8D99A} = {799EF4CD-E327-4F2B-B744-6F60F1723625}
		{99CEDB2E-5B91-4665-85EC-3A56678287AF} = {799EF4CD-E327-4F2B-B744-6F60F1723625}
		{C66BCED8-96CD-4DC4-ABF3-10A068A14EF8} = {8BD93D6C-E976-4586-92BD-6D3FD52819F5}
		{6A06F905-FCC7-4426-822F-472C60C5111D} = {B5CD1913-0FF6-46DE-B590-E544B6C73985}
	EndGlobalSection
	GlobalSection(ExtensibilityGlobals) = postSolution
		SolutionGuid = {B9A36C47-A0D7-4DA7-94D7-D5D6A173D408}
	EndGlobalSection
EndGlobal
