{
  "name": "asp.net",
  "version": "1.0.0",
  "lockfileVersion": 1,
  "requires": true,
  "dependencies": {
    "bootbox": {
      "version": "4.4.0",
      "resolved": "https://registry.npmjs.org/bootbox/-/bootbox-4.4.0.tgz",
      "integrity": "sha1-/3+Jj7h9RSflR/62QVj4hFDRoMk=",
      "dev": true
    },
    "jquery": {
      "version": "3.3.1",
      "resolved": "https://registry.npmjs.org/jquery/-/jquery-3.3.1.tgz",
      "integrity": "sha512-Ubldcmxp5np52/ENotGxlLe6aGMvmF4R8S6tZjsP6Knsaxd/xp3Zrh50cG93lR6nPXyUFwzN3ZSOQI0wRJNdGg==",
      "dev": true
    },
    "mustache": {
      "version": "2.3.2",
      "resolved": "https://registry.npmjs.org/mustache/-/mustache-2.3.2.tgz",
      "integrity": "sha512-KpMNwdQsYz3O/SBS1qJ/o3sqUJ5wSb8gb0pul8CO0S56b9Y2ALm8zCfsjPXsqGFfoNBkDwZuZIAjhsZI03gYVQ==",
      "dev": true
    },
    "twbs-pagination": {
      "version": "1.4.1",
      "resolved": "https://registry.npmjs.org/twbs-pagination/-/twbs-pagination-1.4.1.tgz",
      "integrity": "sha1-8X6221QP4FG8h4Zlqk3GKO5PyBw=",
      "dev": true,
      "requires": {
        "jquery": ">=1.7"
      }
    }
  }
}
